
Microsoft Visual Studio Solution File, Format Version 12.00
Project("{FAE04EC0-301F-11D3-BF4B-00C04F79EFBC}") = "oop-jan-2019", "oop-jan-2019\oop-jan-2019.csproj", "{0231F4A2-B2B9-4DDE-A689-CA59E3505A89}"
EndProject
Global
	GlobalSection(SolutionConfigurationPlatforms) = preSolution
		Debug|Any CPU = Debug|Any CPU
		Release|Any CPU = Release|Any CPU
	EndGlobalSection
	GlobalSection(ProjectConfigurationPlatforms) = postSolution
		{0231F4A2-B2B9-4DDE-A689-CA59E3505A89}.Debug|Any CPU.ActiveCfg = Debug|Any CPU
		{0231F4A2-B2B9-4DDE-A689-CA59E3505A89}.Debug|Any CPU.Build.0 = Debug|Any CPU
		{0231F4A2-B2B9-4DDE-A689-CA59E3505A89}.Release|Any CPU.ActiveCfg = Release|Any CPU
		{0231F4A2-B2B9-4DDE-A689-CA59E3505A89}.Release|Any CPU.Build.0 = Release|Any CPU
	EndGlobalSection
EndGlobal
